{
  "dependencies": {
    "JSONStream": {
      "version": "1.0.6",
      "dependencies": {
        "jsonparse": {
          "version": "1.1.0"
        },
        "through": {
          "version": "2.3.8"
        }
      }
    },
    "dna2json": {
      "version": "0.3.3",
      "dependencies": {
        "JSONStream": {
          "version": "0.9.0",
          "dependencies": {
            "jsonparse": {
              "version": "0.0.5"
            },
            "through": {
              "version": "2.3.8"
            }
          }
        },
        "optimist": {
          "version": "0.6.1",
          "dependencies": {
            "wordwrap": {
              "version": "0.0.3"
            },
            "minimist": {
              "version": "0.0.10"
            }
          }
        }
      }
    },
    "event-stream": {
      "version": "3.3.1",
      "dependencies": {
        "through": {
          "version": "2.3.8"
        },
        "duplexer": {
          "version": "0.1.1"
        },
        "from": {
          "version": "0.1.3"
        },
        "map-stream": {
          "version": "0.1.0"
        },
        "pause-stream": {
          "version": "0.0.11"
        },
        "split": {
          "version": "0.3.3"
        },
        "stream-combiner": {
          "version": "0.0.4"
        }
      }
    },
    "fibers": {
      "version": "1.0.7"
    },
    "genoset-norovirus": {
      "version": "1.0.1",
      "dependencies": {
        "gql": {
          "version": "1.1.0"
        }
      }
    },
    "gql": {
      "version": "1.0.0"
    }
  }
}
